// !$*UTF8*$!
{
	archiveVersion = 1;
	classes = {
	};
	objectVersion = 56;
	objects = {

/* Begin PBXBuildFile section */
		9E24993C294C4841004C08B1 /* Farmer_s_HouseApp.swift in Sources */ = {isa = PBXBuildFile; fileRef = 9E24993B294C4841004C08B1 /* Farmer_s_HouseApp.swift */; };
		9E24993E294C4841004C08B1 /* ContentView.swift in Sources */ = {isa = PBXBuildFile; fileRef = 9E24993D294C4841004C08B1 /* ContentView.swift */; };
		9E249940294C4843004C08B1 /* Assets.xcassets in Resources */ = {isa = PBXBuildFile; fileRef = 9E24993F294C4843004C08B1 /* Assets.xcassets */; };
		9E249943294C4843004C08B1 /* Preview Assets.xcassets in Resources */ = {isa = PBXBuildFile; fileRef = 9E249942294C4843004C08B1 /* Preview Assets.xcassets */; };
		9E24994E294C4ABE004C08B1 /* ProductModel.swift in Sources */ = {isa = PBXBuildFile; fileRef = 9E24994D294C4ABE004C08B1 /* ProductModel.swift */; };
		9E249951294CB5FD004C08B1 /* Extensions.swift in Sources */ = {isa = PBXBuildFile; fileRef = 9E249950294CB5FD004C08B1 /* Extensions.swift */; };
		9E249953294E04DE004C08B1 /* SearchBar.swift in Sources */ = {isa = PBXBuildFile; fileRef = 9E249952294E04DE004C08B1 /* SearchBar.swift */; };
/* End PBXBuildFile section */

/* Begin PBXFileReference section */
		9E249938294C4841004C08B1 /* Farmer's House.app */ = {isa = PBXFileReference; explicitFileType = wrapper.application; includeInIndex = 0; path = "Farmer's House.app"; sourceTree = BUILT_PRODUCTS_DIR; };
		9E24993B294C4841004C08B1 /* Farmer_s_HouseApp.swift */ = {isa = PBXFileReference; lastKnownFileType = sourcecode.swift; path = Farmer_s_HouseApp.swift; sourceTree = "<group>"; };
		9E24993D294C4841004C08B1 /* ContentView.swift */ = {isa = PBXFileReference; lastKnownFileType = sourcecode.swift; path = ContentView.swift; sourceTree = "<group>"; };
		9E24993F294C4843004C08B1 /* Assets.xcassets */ = {isa = PBXFileReference; lastKnownFileType = folder.assetcatalog; path = Assets.xcassets; sourceTree = "<group>"; };
		9E249942294C4843004C08B1 /* Preview Assets.xcassets */ = {isa = PBXFileReference; lastKnownFileType = folder.assetcatalog; path = "Preview Assets.xcassets"; sourceTree = "<group>"; };
		9E24994D294C4ABE004C08B1 /* ProductModel.swift */ = {isa = PBXFileReference; lastKnownFileType = sourcecode.swift; path = ProductModel.swift; sourceTree = "<group>"; };
		9E249950294CB5FD004C08B1 /* Extensions.swift */ = {isa = PBXFileReference; lastKnownFileType = sourcecode.swift; path = Extensions.swift; sourceTree = "<group>"; };
		9E249952294E04DE004C08B1 /* SearchBar.swift */ = {isa = PBXFileReference; lastKnownFileType = sourcecode.swift; path = SearchBar.swift; sourceTree = "<group>"; };
/* End PBXFileReference section */

/* Begin PBXFrameworksBuildPhase section */
		9E249935294C4841004C08B1 /* Frameworks */ = {
			isa = PBXFrameworksBuildPhase;
			buildActionMask = 2147483647;
			files = (
			);
			runOnlyForDeploymentPostprocessing = 0;
		};
/* End PBXFrameworksBuildPhase section */

/* Begin PBXGroup section */
		9E24992F294C4841004C08B1 = {
			isa = PBXGroup;
			children = (
				9E24993A294C4841004C08B1 /* Farmer's House */,
				9E249939294C4841004C08B1 /* Products */,
			);
			sourceTree = "<group>";
		};
		9E249939294C4841004C08B1 /* Products */ = {
			isa = PBXGroup;
			children = (
				9E249938294C4841004C08B1 /* Farmer's House.app */,
			);
			name = Products;
			sourceTree = "<group>";
		};
		9E24993A294C4841004C08B1 /* Farmer's House */ = {
			isa = PBXGroup;
			children = (
				9E24994F294CB5EB004C08B1 /* Utils */,
				9E24993B294C4841004C08B1 /* Farmer_s_HouseApp.swift */,
				9E24994C294C488C004C08B1 /* Model */,
				9E249949294C485F004C08B1 /* Main */,
				9E24994A294C4868004C08B1 /* Navigation */,
				9E24994B294C4884004C08B1 /* Components */,
				9E24993F294C4843004C08B1 /* Assets.xcassets */,
				9E249941294C4843004C08B1 /* Preview Content */,
			);
			path = "Farmer's House";
			sourceTree = "<group>";
		};
		9E249941294C4843004C08B1 /* Preview Content */ = {
			isa = PBXGroup;
			children = (
				9E249942294C4843004C08B1 /* Preview Assets.xcassets */,
			);
			path = "Preview Content";
			sourceTree = "<group>";
		};
		9E249949294C485F004C08B1 /* Main */ = {
			isa = PBXGroup;
			children = (
				9E24993D294C4841004C08B1 /* ContentView.swift */,
			);
			path = Main;
			sourceTree = "<group>";
		};
		9E24994A294C4868004C08B1 /* Navigation */ = {
			isa = PBXGroup;
			children = (
				9E249952294E04DE004C08B1 /* SearchBar.swift */,
			);
			path = Navigation;
			sourceTree = "<group>";
		};
		9E24994B294C4884004C08B1 /* Components */ = {
			isa = PBXGroup;
			children = (
			);
			path = Components;
			sourceTree = "<group>";
		};
		9E24994C294C488C004C08B1 /* Model */ = {
			isa = PBXGroup;
			children = (
				9E24994D294C4ABE004C08B1 /* ProductModel.swift */,
			);
			path = Model;
			sourceTree = "<group>";
		};
		9E24994F294CB5EB004C08B1 /* Utils */ = {
			isa = PBXGroup;
			children = (
				9E249950294CB5FD004C08B1 /* Extensions.swift */,
			);
			path = Utils;
			sourceTree = "<group>";
		};
/* End PBXGroup section */

/* Begin PBXNativeTarget section */
		9E249937294C4841004C08B1 /* Farmer's House */ = {
			isa = PBXNativeTarget;
			buildConfigurationList = 9E249946294C4843004C08B1 /* Build configuration list for PBXNativeTarget "Farmer's House" */;
			buildPhases = (
				9E249934294C4841004C08B1 /* Sources */,
				9E249935294C4841004C08B1 /* Frameworks */,
				9E249936294C4841004C08B1 /* Resources */,
			);
			buildRules = (
			);
			dependencies = (
			);
			name = "Farmer's House";
			productName = "Farmer's House";
			productReference = 9E249938294C4841004C08B1 /* Farmer's House.app */;
			productType = "com.apple.product-type.application";
		};
/* End PBXNativeTarget section */

/* Begin PBXProject section */
		9E249930294C4841004C08B1 /* Project object */ = {
			isa = PBXProject;
			attributes = {
				BuildIndependentTargetsInParallel = 1;
				LastSwiftUpdateCheck = 1410;
				LastUpgradeCheck = 1410;
				TargetAttributes = {
					9E249937294C4841004C08B1 = {
						CreatedOnToolsVersion = 14.1;
					};
				};
			};
			buildConfigurationList = 9E249933294C4841004C08B1 /* Build configuration list for PBXProject "Farmer's House" */;
			compatibilityVersion = "Xcode 14.0";
			developmentRegion = en;
			hasScannedForEncodings = 0;
			knownRegions = (
				en,
				Base,
			);
			mainGroup = 9E24992F294C4841004C08B1;
			productRefGroup = 9E249939294C4841004C08B1 /* Products */;
			projectDirPath = "";
			projectRoot = "";
			targets = (
				9E249937294C4841004C08B1 /* Farmer's House */,
			);
		};
/* End PBXProject section */

/* Begin PBXResourcesBuildPhase section */
		9E249936294C4841004C08B1 /* Resources */ = {
			isa = PBXResourcesBuildPhase;
			buildActionMask = 2147483647;
			files = (
				9E249943294C4843004C08B1 /* Preview Assets.xcassets in Resources */,
				9E249940294C4843004C08B1 /* Assets.xcassets in Resources */,
			);
			runOnlyForDeploymentPostprocessing = 0;
		};
/* End PBXResourcesBuildPhase section */

/* Begin PBXSourcesBuildPhase section */
		9E249934294C4841004C08B1 /* Sources */ = {
			isa = PBXSourcesBuildPhase;
			buildActionMask = 2147483647;
			files = (
				9E24993E294C4841004C08B1 /* ContentView.swift in Sources */,
				9E24994E294C4ABE004C08B1 /* ProductModel.swift in Sources */,
				9E249953294E04DE004C08B1 /* SearchBar.swift in Sources */,
				9E24993C294C4841004C08B1 /* Farmer_s_HouseApp.swift in Sources */,
				9E249951294CB5FD004C08B1 /* Extensions.swift in Sources */,
			);
			runOnlyForDeploymentPostprocessing = 0;
		};
/* End PBXSourcesBuildPhase section */

/* Begin XCBuildConfiguration section */
		9E249944294C4843004C08B1 /* Debug */ = {
			isa = XCBuildConfiguration;
			buildSettings = {
				ALWAYS_SEARCH_USER_PATHS = NO;
				CLANG_ANALYZER_NONNULL = YES;
				CLANG_ANALYZER_NUMBER_OBJECT_CONVERSION = YES_AGGRESSIVE;
				CLANG_CXX_LANGUAGE_STANDARD = "gnu++20";
				CLANG_ENABLE_MODULES = YES;
				CLANG_ENABLE_OBJC_ARC = YES;
				CLANG_ENABLE_OBJC_WEAK = YES;
				CLANG_WARN_BLOCK_CAPTURE_AUTORELEASING = YES;
				CLANG_WARN_BOOL_CONVERSION = YES;
				CLANG_WARN_COMMA = YES;
				CLANG_WARN_CONSTANT_CONVERSION = YES;
				CLANG_WARN_DEPRECATED_OBJC_IMPLEMENTATIONS = YES;
				CLANG_WARN_DIRECT_OBJC_ISA_USAGE = YES_ERROR;
				CLANG_WARN_DOCUMENTATION_COMMENTS = YES;
				CLANG_WARN_EMPTY_BODY = YES;
				CLANG_WARN_ENUM_CONVERSION = YES;
				CLANG_WARN_INFINITE_RECURSION = YES;
				CLANG_WARN_INT_CONVERSION = YES;
				CLANG_WARN_NON_LITERAL_NULL_CONVERSION = YES;
				CLANG_WARN_OBJC_IMPLICIT_RETAIN_SELF = YES;
				CLANG_WARN_OBJC_LITERAL_CONVERSION = YES;
				CLANG_WARN_OBJC_ROOT_CLASS = YES_ERROR;
				CLANG_WARN_QUOTED_INCLUDE_IN_FRAMEWORK_HEADER = YES;
				CLANG_WARN_RANGE_LOOP_ANALYSIS = YES;
				CLANG_WARN_STRICT_PROTOTYPES = YES;
				CLANG_WARN_SUSPICIOUS_MOVE = YES;
				CLANG_WARN_UNGUARDED_AVAILABILITY = YES_AGGRESSIVE;
				CLANG_WARN_UNREACHABLE_CODE = YES;
				CLANG_WARN__DUPLICATE_METHOD_MATCH = YES;
				COPY_PHASE_STRIP = NO;
				DEBUG_INFORMATION_FORMAT = dwarf;
				ENABLE_STRICT_OBJC_MSGSEND = YES;
				ENABLE_TESTABILITY = YES;
				GCC_C_LANGUAGE_STANDARD = gnu11;
				GCC_DYNAMIC_NO_PIC = NO;
				GCC_NO_COMMON_BLOCKS = YES;
				GCC_OPTIMIZATION_LEVEL = 0;
				GCC_PREPROCESSOR_DEFINITIONS = (
					"DEBUG=1",
					"$(inherited)",
				);
				GCC_WARN_64_TO_32_BIT_CONVERSION = YES;
				GCC_WARN_ABOUT_RETURN_TYPE = YES_ERROR;
				GCC_WARN_UNDECLARED_SELECTOR = YES;
				GCC_WARN_UNINITIALIZED_AUTOS = YES_AGGRESSIVE;
				GCC_WARN_UNUSED_FUNCTION = YES;
				GCC_WARN_UNUSED_VARIABLE = YES;
				IPHONEOS_DEPLOYMENT_TARGET = 16.1;
				MTL_ENABLE_DEBUG_INFO = INCLUDE_SOURCE;
				MTL_FAST_MATH = YES;
				ONLY_ACTIVE_ARCH = YES;
				SDKROOT = iphoneos;
				SWIFT_ACTIVE_COMPILATION_CONDITIONS = DEBUG;
				SWIFT_OPTIMIZATION_LEVEL = "-Onone";
			};
			name = Debug;
		};
		9E249945294C4843004C08B1 /* Release */ = {
			isa = XCBuildConfiguration;
			buildSettings = {
				ALWAYS_SEARCH_USER_PATHS = NO;
				CLANG_ANALYZER_NONNULL = YES;
				CLANG_ANALYZER_NUMBER_OBJECT_CONVERSION = YES_AGGRESSIVE;
				CLANG_CXX_LANGUAGE_STANDARD = "gnu++20";
				CLANG_ENABLE_MODULES = YES;
				CLANG_ENABLE_OBJC_ARC = YES;
				CLANG_ENABLE_OBJC_WEAK = YES;
				CLANG_WARN_BLOCK_CAPTURE_AUTORELEASING = YES;
				CLANG_WARN_BOOL_CONVERSION = YES;
				CLANG_WARN_COMMA = YES;
				CLANG_WARN_CONSTANT_CONVERSION = YES;
				CLANG_WARN_DEPRECATED_OBJC_IMPLEMENTATIONS = YES;
				CLANG_WARN_DIRECT_OBJC_ISA_USAGE = YES_ERROR;
				CLANG_WARN_DOCUMENTATION_COMMENTS = YES;
				CLANG_WARN_EMPTY_BODY = YES;
				CLANG_WARN_ENUM_CONVERSION = YES;
				CLANG_WARN_INFINITE_RECURSION = YES;
				CLANG_WARN_INT_CONVERSION = YES;
				CLANG_WARN_NON_LITERAL_NULL_CONVERSION = YES;
				CLANG_WARN_OBJC_IMPLICIT_RETAIN_SELF = YES;
				CLANG_WARN_OBJC_LITERAL_CONVERSION = YES;
				CLANG_WARN_OBJC_ROOT_CLASS = YES_ERROR;
				CLANG_WARN_QUOTED_INCLUDE_IN_FRAMEWORK_HEADER = YES;
				CLANG_WARN_RANGE_LOOP_ANALYSIS = YES;
				CLANG_WARN_STRICT_PROTOTYPES = YES;
				CLANG_WARN_SUSPICIOUS_MOVE = YES;
				CLANG_WARN_UNGUARDED_AVAILABILITY = YES_AGGRESSIVE;
				CLANG_WARN_UNREACHABLE_CODE = YES;
				CLANG_WARN__DUPLICATE_METHOD_MATCH = YES;
				COPY_PHASE_STRIP = NO;
				DEBUG_INFORMATION_FORMAT = "dwarf-with-dsym";
				ENABLE_NS_ASSERTIONS = NO;
				ENABLE_STRICT_OBJC_MSGSEND = YES;
				GCC_C_LANGUAGE_STANDARD = gnu11;
				GCC_NO_COMMON_BLOCKS = YES;
				GCC_WARN_64_TO_32_BIT_CONVERSION = YES;
				GCC_WARN_ABOUT_RETURN_TYPE = YES_ERROR;
				GCC_WARN_UNDECLARED_SELECTOR = YES;
				GCC_WARN_UNINITIALIZED_AUTOS = YES_AGGRESSIVE;
				GCC_WARN_UNUSED_FUNCTION = YES;
				GCC_WARN_UNUSED_VARIABLE = YES;
				IPHONEOS_DEPLOYMENT_TARGET = 16.1;
				MTL_ENABLE_DEBUG_INFO = NO;
				MTL_FAST_MATH = YES;
				SDKROOT = iphoneos;
				SWIFT_COMPILATION_MODE = wholemodule;
				SWIFT_OPTIMIZATION_LEVEL = "-O";
				VALIDATE_PRODUCT = YES;
			};
			name = Release;
		};
		9E249947294C4843004C08B1 /* Debug */ = {
			isa = XCBuildConfiguration;
			buildSettings = {
				ASSETCATALOG_COMPILER_APPICON_NAME = AppIcon;
				ASSETCATALOG_COMPILER_GLOBAL_ACCENT_COLOR_NAME = AccentColor;
				CODE_SIGN_STYLE = Automatic;
				CURRENT_PROJECT_VERSION = 1;
				DEVELOPMENT_ASSET_PATHS = "\"Farmer's House/Preview Content\"";
				DEVELOPMENT_TEAM = UD5QYA93DZ;
				ENABLE_PREVIEWS = YES;
				GENERATE_INFOPLIST_FILE = YES;
				INFOPLIST_KEY_UIApplicationSceneManifest_Generation = YES;
				INFOPLIST_KEY_UIApplicationSupportsIndirectInputEvents = YES;
				INFOPLIST_KEY_UILaunchScreen_Generation = YES;
				INFOPLIST_KEY_UISupportedInterfaceOrientations_iPad = "UIInterfaceOrientationPortrait UIInterfaceOrientationPortraitUpsideDown UIInterfaceOrientationLandscapeLeft UIInterfaceOrientationLandscapeRight";
				INFOPLIST_KEY_UISupportedInterfaceOrientations_iPhone = "UIInterfaceOrientationPortrait UIInterfaceOrientationLandscapeLeft UIInterfaceOrientationLandscapeRight";
				LD_RUNPATH_SEARCH_PATHS = (
					"$(inherited)",
					"@executable_path/Frameworks",
				);
				MARKETING_VERSION = 1.0;
				PRODUCT_BUNDLE_IDENTIFIER = "com.Farmer-s-House";
				PRODUCT_NAME = "$(TARGET_NAME)";
				SWIFT_EMIT_LOC_STRINGS = YES;
				SWIFT_VERSION = 5.0;
				TARGETED_DEVICE_FAMILY = "1,2";
			};
			name = Debug;
		};
		9E249948294C4843004C08B1 /* Release */ = {
			isa = XCBuildConfiguration;
			buildSettings = {
				ASSETCATALOG_COMPILER_APPICON_NAME = AppIcon;
				ASSETCATALOG_COMPILER_GLOBAL_ACCENT_COLOR_NAME = AccentColor;
				CODE_SIGN_STYLE = Automatic;
				CURRENT_PROJECT_VERSION = 1;
				DEVELOPMENT_ASSET_PATHS = "\"Farmer's House/Preview Content\"";
				DEVELOPMENT_TEAM = UD5QYA93DZ;
				ENABLE_PREVIEWS = YES;
				GENERATE_INFOPLIST_FILE = YES;
				INFOPLIST_KEY_UIApplicationSceneManifest_Generation = YES;
				INFOPLIST_KEY_UIApplicationSupportsIndirectInputEvents = YES;
				INFOPLIST_KEY_UILaunchScreen_Generation = YES;
				INFOPLIST_KEY_UISupportedInterfaceOrientations_iPad = "UIInterfaceOrientationPortrait UIInterfaceOrientationPortraitUpsideDown UIInterfaceOrientationLandscapeLeft UIInterfaceOrientationLandscapeRight";
				INFOPLIST_KEY_UISupportedInterfaceOrientations_iPhone = "UIInterfaceOrientationPortrait UIInterfaceOrientationLandscapeLeft UIInterfaceOrientationLandscapeRight";
				LD_RUNPATH_SEARCH_PATHS = (
					"$(inherited)",
					"@executable_path/Frameworks",
				);
				MARKETING_VERSION = 1.0;
				PRODUCT_BUNDLE_IDENTIFIER = "com.Farmer-s-House";
				PRODUCT_NAME = "$(TARGET_NAME)";
				SWIFT_EMIT_LOC_STRINGS = YES;
				SWIFT_VERSION = 5.0;
				TARGETED_DEVICE_FAMILY = "1,2";
			};
			name = Release;
		};
/* End XCBuildConfiguration section */

/* Begin XCConfigurationList section */
		9E249933294C4841004C08B1 /* Build configuration list for PBXProject "Farmer's House" */ = {
			isa = XCConfigurationList;
			buildConfigurations = (
				9E249944294C4843004C08B1 /* Debug */,
				9E249945294C4843004C08B1 /* Release */,
			);
			defaultConfigurationIsVisible = 0;
			defaultConfigurationName = Release;
		};
		9E249946294C4843004C08B1 /* Build configuration list for PBXNativeTarget "Farmer's House" */ = {
			isa = XCConfigurationList;
			buildConfigurations = (
				9E249947294C4843004C08B1 /* Debug */,
				9E249948294C4843004C08B1 /* Release */,
			);
			defaultConfigurationIsVisible = 0;
			defaultConfigurationName = Release;
		};
/* End XCConfigurationList section */
	};
	rootObject = 9E249930294C4841004C08B1 /* Project object */;
}
